
Microsoft Visual Studio Solution File, Format Version 12.00
# Visual Studio Version 17
VisualStudioVersion = 17.2.32505.173
MinimumVisualStudioVersion = 10.0.40219.1
Project("{FAE04EC0-301F-11D3-BF4B-00C04F79EFBC}") = "STI3", "STI3\STI3.csproj", "{38CE2EE6-A72E-4BF6-804C-5CBD0A3319B7}"
EndProject
Global
	GlobalSection(SolutionConfigurationPlatforms) = preSolution
		Debug|Any CPU = Debug|Any CPU
		Release|Any CPU = Release|Any CPU
	EndGlobalSection
	GlobalSection(ProjectConfigurationPlatforms) = postSolution
		{38CE2EE6-A72E-4BF6-804C-5CBD0A3319B7}.Debug|Any CPU.ActiveCfg = Debug|Any CPU
		{38CE2EE6-A72E-4BF6-804C-5CBD0A3319B7}.Debug|Any CPU.Build.0 = Debug|Any CPU
		{38CE2EE6-A72E-4BF6-804C-5CBD0A3319B7}.Release|Any CPU.ActiveCfg = Release|Any CPU
		{38CE2EE6-A72E-4BF6-804C-5CBD0A3319B7}.Release|Any CPU.Build.0 = Release|Any CPU
	EndGlobalSection
	GlobalSection(SolutionProperties) = preSolution
		HideSolutionNode = FALSE
	EndGlobalSection
	GlobalSection(ExtensibilityGlobals) = postSolution
		SolutionGuid = {2B4C2E64-2FAA-4902-B7B3-D0A76E79E101}
	EndGlobalSection
EndGlobal
